
Microsoft Visual Studio Solution File, Format Version 12.00
# Visual Studio Version 17
VisualStudioVersion = 17.0.32126.317
MinimumVisualStudioVersion = 10.0.40219.1
Project("{FAE04EC0-301F-11D3-BF4B-00C04F79EFBC}") = "Aurae Facebook Image Crawler", "Aurae Facebook Image Crawler\Aurae Facebook Image Crawler.csproj", "{80741F94-F0B6-4F6E-AFA1-96C0CA9CFD42}"
EndProject
Global
	GlobalSection(SolutionConfigurationPlatforms) = preSolution
		Debug|Any CPU = Debug|Any CPU
		Release|Any CPU = Release|Any CPU
	EndGlobalSection
	GlobalSection(ProjectConfigurationPlatforms) = postSolution
		{80741F94-F0B6-4F6E-AFA1-96C0CA9CFD42}.Debug|Any CPU.ActiveCfg = Debug|Any CPU
		{80741F94-F0B6-4F6E-AFA1-96C0CA9CFD42}.Debug|Any CPU.Build.0 = Debug|Any CPU
		{80741F94-F0B6-4F6E-AFA1-96C0CA9CFD42}.Release|Any CPU.ActiveCfg = Release|Any CPU
		{80741F94-F0B6-4F6E-AFA1-96C0CA9CFD42}.Release|Any CPU.Build.0 = Release|Any CPU
	EndGlobalSection
	GlobalSection(SolutionProperties) = preSolution
		HideSolutionNode = FALSE
	EndGlobalSection
	GlobalSection(ExtensibilityGlobals) = postSolution
		SolutionGuid = {B6455CBE-F2B7-4935-AE74-673B794909CA}
	EndGlobalSection
EndGlobal
